dependencies:
- name: redis
  repository: file://./subcharts/redis
  version: 0.4.5
- name: ckan-solr
  repository: file://./subcharts/ckan-solr
  version: 0.0.1
- name: postgresql
  repository: file://./subcharts/postgresql
  version: 0.4.0
- name: ckan-core
  repository: file://./subcharts/ckan-core
  version: 0.0.1
digest: sha256:459fb5b5d268c72da5425d4421b97011a26bd1a78a4c6cef06e7a52844c4541c
generated: "2020-07-06T21:51:09.518576498+01:00"
